
Microsoft Visual Studio Solution File, Format Version 12.00
# 
Project("{2150E333-8FDC-42A3-9474-1A3956D46DE8}") = "server", "server", "{7FFB320B-ACCE-4EB4-A50B-D9C808DAD257}"
EndProject
Project("{FAE04EC0-301F-11D3-BF4B-00C04F79EFBC}") = "Konek.Server.Core", "server\Core\Konek.Server.Core.csproj", "{70A118F5-5076-425E-A5FF-5A6E7B924A49}"
EndProject
Project("{FAE04EC0-301F-11D3-BF4B-00C04F79EFBC}") = "Konek.Server.Tests", "server\Tests\Konek.Server.Tests.csproj", "{D79EC618-D9DF-4519-B8C4-F62942511143}"
EndProject
Global
	GlobalSection(NestedProjects) = preSolution
		{70A118F5-5076-425E-A5FF-5A6E7B924A49} = {7FFB320B-ACCE-4EB4-A50B-D9C808DAD257}
		{D79EC618-D9DF-4519-B8C4-F62942511143} = {7FFB320B-ACCE-4EB4-A50B-D9C808DAD257}
	EndGlobalSection
	GlobalSection(SolutionConfigurationPlatforms) = preSolution
		Debug|Any CPU = Debug|Any CPU
		Debug|x64 = Debug|x64
		Debug|x86 = Debug|x86
		Release|Any CPU = Release|Any CPU
		Release|x64 = Release|x64
		Release|x86 = Release|x86
	EndGlobalSection
	GlobalSection(ProjectConfigurationPlatforms) = postSolution
		{70A118F5-5076-425E-A5FF-5A6E7B924A49}.Debug|Any CPU.ActiveCfg = Debug|Any CPU
		{70A118F5-5076-425E-A5FF-5A6E7B924A49}.Debug|Any CPU.Build.0 = Debug|Any CPU
		{70A118F5-5076-425E-A5FF-5A6E7B924A49}.Debug|x64.ActiveCfg = Debug|Any CPU
		{70A118F5-5076-425E-A5FF-5A6E7B924A49}.Debug|x64.Build.0 = Debug|Any CPU
		{70A118F5-5076-425E-A5FF-5A6E7B924A49}.Debug|x86.ActiveCfg = Debug|Any CPU
		{70A118F5-5076-425E-A5FF-5A6E7B924A49}.Debug|x86.Build.0 = Debug|Any CPU
		{70A118F5-5076-425E-A5FF-5A6E7B924A49}.Release|Any CPU.ActiveCfg = Release|Any CPU
		{70A118F5-5076-425E-A5FF-5A6E7B924A49}.Release|Any CPU.Build.0 = Release|Any CPU
		{70A118F5-5076-425E-A5FF-5A6E7B924A49}.Release|x64.ActiveCfg = Release|Any CPU
		{70A118F5-5076-425E-A5FF-5A6E7B924A49}.Release|x64.Build.0 = Release|Any CPU
		{70A118F5-5076-425E-A5FF-5A6E7B924A49}.Release|x86.ActiveCfg = Release|Any CPU
		{70A118F5-5076-425E-A5FF-5A6E7B924A49}.Release|x86.Build.0 = Release|Any CPU
		{D79EC618-D9DF-4519-B8C4-F62942511143}.Debug|Any CPU.ActiveCfg = Debug|Any CPU
		{D79EC618-D9DF-4519-B8C4-F62942511143}.Debug|Any CPU.Build.0 = Debug|Any CPU
		{D79EC618-D9DF-4519-B8C4-F62942511143}.Debug|x64.ActiveCfg = Debug|Any CPU
		{D79EC618-D9DF-4519-B8C4-F62942511143}.Debug|x64.Build.0 = Debug|Any CPU
		{D79EC618-D9DF-4519-B8C4-F62942511143}.Debug|x86.ActiveCfg = Debug|Any CPU
		{D79EC618-D9DF-4519-B8C4-F62942511143}.Debug|x86.Build.0 = Debug|Any CPU
		{D79EC618-D9DF-4519-B8C4-F62942511143}.Release|Any CPU.ActiveCfg = Release|Any CPU
		{D79EC618-D9DF-4519-B8C4-F62942511143}.Release|Any CPU.Build.0 = Release|Any CPU
		{D79EC618-D9DF-4519-B8C4-F62942511143}.Release|x64.ActiveCfg = Release|Any CPU
		{D79EC618-D9DF-4519-B8C4-F62942511143}.Release|x64.Build.0 = Release|Any CPU
		{D79EC618-D9DF-4519-B8C4-F62942511143}.Release|x86.ActiveCfg = Release|Any CPU
		{D79EC618-D9DF-4519-B8C4-F62942511143}.Release|x86.Build.0 = Release|Any CPU
	EndGlobalSection
EndGlobal
